
Microsoft Visual Studio Solution File, Format Version 12.00
# Visual Studio Version 17
VisualStudioVersion = 17.0.32014.148
MinimumVisualStudioVersion = 10.0.40219.1
Project("{FAE04EC0-301F-11D3-BF4B-00C04F79EFBC}") = "Portafolio", "Portafolio\Portafolio.csproj", "{695CFF02-8389-476E-A19D-5CB3AE812F87}"
EndProject
Global
	GlobalSection(SolutionConfigurationPlatforms) = preSolution
		Debug|Any CPU = Debug|Any CPU
		Release|Any CPU = Release|Any CPU
	EndGlobalSection
	GlobalSection(ProjectConfigurationPlatforms) = postSolution
		{695CFF02-8389-476E-A19D-5CB3AE812F87}.Debug|Any CPU.ActiveCfg = Debug|Any CPU
		{695CFF02-8389-476E-A19D-5CB3AE812F87}.Debug|Any CPU.Build.0 = Debug|Any CPU
		{695CFF02-8389-476E-A19D-5CB3AE812F87}.Release|Any CPU.ActiveCfg = Release|Any CPU
		{695CFF02-8389-476E-A19D-5CB3AE812F87}.Release|Any CPU.Build.0 = Release|Any CPU
	EndGlobalSection
	GlobalSection(SolutionProperties) = preSolution
		HideSolutionNode = FALSE
	EndGlobalSection
	GlobalSection(ExtensibilityGlobals) = postSolution
		SolutionGuid = {DC6C28BA-BADA-44AA-AF59-3E93EA2AAFDC}
	EndGlobalSection
EndGlobal
